
Microsoft Visual Studio Solution File, Format Version 12.00
# Visual Studio 15
VisualStudioVersion = 15.0.27130.2027
MinimumVisualStudioVersion = 10.0.40219.1
Project("{FAE04EC0-301F-11D3-BF4B-00C04F79EFBC}") = "SFP.SIT.EF", "SFP.SIT.EF\SFP.SIT.EF.csproj", "{7CAFBC0A-8DA7-4C7A-A904-CB1B48CB29A2}"
EndProject
Global
	GlobalSection(SolutionConfigurationPlatforms) = preSolution
		Debug|Any CPU = Debug|Any CPU
		Release|Any CPU = Release|Any CPU
	EndGlobalSection
	GlobalSection(ProjectConfigurationPlatforms) = postSolution
		{7CAFBC0A-8DA7-4C7A-A904-CB1B48CB29A2}.Debug|Any CPU.ActiveCfg = Debug|Any CPU
		{7CAFBC0A-8DA7-4C7A-A904-CB1B48CB29A2}.Debug|Any CPU.Build.0 = Debug|Any CPU
		{7CAFBC0A-8DA7-4C7A-A904-CB1B48CB29A2}.Release|Any CPU.ActiveCfg = Release|Any CPU
		{7CAFBC0A-8DA7-4C7A-A904-CB1B48CB29A2}.Release|Any CPU.Build.0 = Release|Any CPU
	EndGlobalSection
	GlobalSection(SolutionProperties) = preSolution
		HideSolutionNode = FALSE
	EndGlobalSection
	GlobalSection(ExtensibilityGlobals) = postSolution
		SolutionGuid = {8E6AFCA0-55D5-423E-A68D-67F273AC6433}
	EndGlobalSection
EndGlobal
