
Microsoft Visual Studio Solution File, Format Version 12.00
# Visual Studio 15
VisualStudioVersion = 15.0.27130.2027
MinimumVisualStudioVersion = 10.0.40219.1
Project("{2150E333-8FDC-42A3-9474-1A3956D46DE8}") = "src", "src", "{0A123AE3-CF8B-44C1-B070-E69EAE2F197F}"
	ProjectSection(SolutionItems) = preProject
		NOTAS ORACLE.txt = NOTAS ORACLE.txt
	EndProjectSection
EndProject
Project("{2150E333-8FDC-42A3-9474-1A3956D46DE8}") = "Solution Items", "Solution Items", "{4CBE642E-CBCF-4356-8E66-7EFCED13A8A2}"
EndProject
Project("{9A19103F-16F7-4668-BE54-9A1E7A4F7556}") = "SFP.SIT.SESAI", "src\SFP.SIT.SESAI\SFP.SIT.SESAI.csproj", "{E669F193-9DD0-4EBF-A77B-CE9A89B95890}"
EndProject
Project("{FAE04EC0-301F-11D3-BF4B-00C04F79EFBC}") = "SFP.Persistencia", "..\SFP.Persistencia\SFP.Persistencia\SFP.Persistencia.csproj", "{19BA7C68-3A64-4F25-A86F-90F06FAB0502}"
EndProject
Project("{FAE04EC0-301F-11D3-BF4B-00C04F79EFBC}") = "SFP.SIT.SERV", "SFP.SIT.SERV\SFP.SIT.SERV.csproj", "{FDCF5EB6-D496-4E14-8660-D9EBCFB0D6B8}"
EndProject
Project("{FAE04EC0-301F-11D3-BF4B-00C04F79EFBC}") = "SFP.SIT.AFD", "SFP.SIT.AFD\SFP.SIT.AFD.csproj", "{218AB459-8D4E-4DBD-B481-28E7FA0E3F72}"
EndProject
Project("{9A19103F-16F7-4668-BE54-9A1E7A4F7556}") = "SFP.SIT.WEB", "src\SFP.SIT.WEB\SFP.SIT.WEB.csproj", "{0F9BD48D-95D3-4735-A504-B0407863F205}"
EndProject
Project("{FAE04EC0-301F-11D3-BF4B-00C04F79EFBC}") = "SFP.SIT.WINPRC", "SFP.SIT.WINPRC\SFP.SIT.WINPRC.csproj", "{41819A5B-E9DF-4045-A37D-D6F78A13AC9D}"
EndProject
Project("{FAE04EC0-301F-11D3-BF4B-00C04F79EFBC}") = "SFP.SIT.FLUJO", "SFP.SIT.FLUJO\SFP.SIT.FLUJO.csproj", "{6E49BCB5-B4EF-422F-8E72-03651FAC8B74}"
EndProject
Global
	GlobalSection(SolutionConfigurationPlatforms) = preSolution
		Debug|Any CPU = Debug|Any CPU
		Debug|x64 = Debug|x64
		Debug|x86 = Debug|x86
		Release|Any CPU = Release|Any CPU
		Release|x64 = Release|x64
		Release|x86 = Release|x86
	EndGlobalSection
	GlobalSection(ProjectConfigurationPlatforms) = postSolution
		{E669F193-9DD0-4EBF-A77B-CE9A89B95890}.Debug|Any CPU.ActiveCfg = Debug|Any CPU
		{E669F193-9DD0-4EBF-A77B-CE9A89B95890}.Debug|Any CPU.Build.0 = Debug|Any CPU
		{E669F193-9DD0-4EBF-A77B-CE9A89B95890}.Debug|x64.ActiveCfg = Debug|Any CPU
		{E669F193-9DD0-4EBF-A77B-CE9A89B95890}.Debug|x64.Build.0 = Debug|Any CPU
		{E669F193-9DD0-4EBF-A77B-CE9A89B95890}.Debug|x86.ActiveCfg = Debug|Any CPU
		{E669F193-9DD0-4EBF-A77B-CE9A89B95890}.Debug|x86.Build.0 = Debug|Any CPU
		{E669F193-9DD0-4EBF-A77B-CE9A89B95890}.Release|Any CPU.ActiveCfg = Release|Any CPU
		{E669F193-9DD0-4EBF-A77B-CE9A89B95890}.Release|Any CPU.Build.0 = Release|Any CPU
		{E669F193-9DD0-4EBF-A77B-CE9A89B95890}.Release|x64.ActiveCfg = Release|Any CPU
		{E669F193-9DD0-4EBF-A77B-CE9A89B95890}.Release|x64.Build.0 = Release|Any CPU
		{E669F193-9DD0-4EBF-A77B-CE9A89B95890}.Release|x86.ActiveCfg = Release|Any CPU
		{E669F193-9DD0-4EBF-A77B-CE9A89B95890}.Release|x86.Build.0 = Release|Any CPU
		{19BA7C68-3A64-4F25-A86F-90F06FAB0502}.Debug|Any CPU.ActiveCfg = Debug|Any CPU
		{19BA7C68-3A64-4F25-A86F-90F06FAB0502}.Debug|Any CPU.Build.0 = Debug|Any CPU
		{19BA7C68-3A64-4F25-A86F-90F06FAB0502}.Debug|x64.ActiveCfg = Debug|Any CPU
		{19BA7C68-3A64-4F25-A86F-90F06FAB0502}.Debug|x64.Build.0 = Debug|Any CPU
		{19BA7C68-3A64-4F25-A86F-90F06FAB0502}.Debug|x86.ActiveCfg = Debug|Any CPU
		{19BA7C68-3A64-4F25-A86F-90F06FAB0502}.Debug|x86.Build.0 = Debug|Any CPU
		{19BA7C68-3A64-4F25-A86F-90F06FAB0502}.Release|Any CPU.ActiveCfg = Release|Any CPU
		{19BA7C68-3A64-4F25-A86F-90F06FAB0502}.Release|Any CPU.Build.0 = Release|Any CPU
		{19BA7C68-3A64-4F25-A86F-90F06FAB0502}.Release|x64.ActiveCfg = Release|x64
		{19BA7C68-3A64-4F25-A86F-90F06FAB0502}.Release|x64.Build.0 = Release|x64
		{19BA7C68-3A64-4F25-A86F-90F06FAB0502}.Release|x86.ActiveCfg = Release|x86
		{19BA7C68-3A64-4F25-A86F-90F06FAB0502}.Release|x86.Build.0 = Release|x86
		{FDCF5EB6-D496-4E14-8660-D9EBCFB0D6B8}.Debug|Any CPU.ActiveCfg = Debug|Any CPU
		{FDCF5EB6-D496-4E14-8660-D9EBCFB0D6B8}.Debug|Any CPU.Build.0 = Debug|Any CPU
		{FDCF5EB6-D496-4E14-8660-D9EBCFB0D6B8}.Debug|x64.ActiveCfg = Debug|Any CPU
		{FDCF5EB6-D496-4E14-8660-D9EBCFB0D6B8}.Debug|x64.Build.0 = Debug|Any CPU
		{FDCF5EB6-D496-4E14-8660-D9EBCFB0D6B8}.Debug|x86.ActiveCfg = Debug|Any CPU
		{FDCF5EB6-D496-4E14-8660-D9EBCFB0D6B8}.Debug|x86.Build.0 = Debug|Any CPU
		{FDCF5EB6-D496-4E14-8660-D9EBCFB0D6B8}.Release|Any CPU.ActiveCfg = Release|Any CPU
		{FDCF5EB6-D496-4E14-8660-D9EBCFB0D6B8}.Release|Any CPU.Build.0 = Release|Any CPU
		{FDCF5EB6-D496-4E14-8660-D9EBCFB0D6B8}.Release|x64.ActiveCfg = Release|Any CPU
		{FDCF5EB6-D496-4E14-8660-D9EBCFB0D6B8}.Release|x64.Build.0 = Release|Any CPU
		{FDCF5EB6-D496-4E14-8660-D9EBCFB0D6B8}.Release|x86.ActiveCfg = Release|Any CPU
		{FDCF5EB6-D496-4E14-8660-D9EBCFB0D6B8}.Release|x86.Build.0 = Release|Any CPU
		{218AB459-8D4E-4DBD-B481-28E7FA0E3F72}.Debug|Any CPU.ActiveCfg = Debug|Any CPU
		{218AB459-8D4E-4DBD-B481-28E7FA0E3F72}.Debug|Any CPU.Build.0 = Debug|Any CPU
		{218AB459-8D4E-4DBD-B481-28E7FA0E3F72}.Debug|x64.ActiveCfg = Debug|x64
		{218AB459-8D4E-4DBD-B481-28E7FA0E3F72}.Debug|x64.Build.0 = Debug|x64
		{218AB459-8D4E-4DBD-B481-28E7FA0E3F72}.Debug|x86.ActiveCfg = Debug|Any CPU
		{218AB459-8D4E-4DBD-B481-28E7FA0E3F72}.Debug|x86.Build.0 = Debug|Any CPU
		{218AB459-8D4E-4DBD-B481-28E7FA0E3F72}.Release|Any CPU.ActiveCfg = Release|Any CPU
		{218AB459-8D4E-4DBD-B481-28E7FA0E3F72}.Release|Any CPU.Build.0 = Release|Any CPU
		{218AB459-8D4E-4DBD-B481-28E7FA0E3F72}.Release|x64.ActiveCfg = Release|x64
		{218AB459-8D4E-4DBD-B481-28E7FA0E3F72}.Release|x64.Build.0 = Release|x64
		{218AB459-8D4E-4DBD-B481-28E7FA0E3F72}.Release|x86.ActiveCfg = Release|Any CPU
		{218AB459-8D4E-4DBD-B481-28E7FA0E3F72}.Release|x86.Build.0 = Release|Any CPU
		{0F9BD48D-95D3-4735-A504-B0407863F205}.Debug|Any CPU.ActiveCfg = Debug|Any CPU
		{0F9BD48D-95D3-4735-A504-B0407863F205}.Debug|Any CPU.Build.0 = Debug|Any CPU
		{0F9BD48D-95D3-4735-A504-B0407863F205}.Debug|x64.ActiveCfg = Debug|Any CPU
		{0F9BD48D-95D3-4735-A504-B0407863F205}.Debug|x64.Build.0 = Debug|Any CPU
		{0F9BD48D-95D3-4735-A504-B0407863F205}.Debug|x86.ActiveCfg = Debug|Any CPU
		{0F9BD48D-95D3-4735-A504-B0407863F205}.Debug|x86.Build.0 = Debug|Any CPU
		{0F9BD48D-95D3-4735-A504-B0407863F205}.Release|Any CPU.ActiveCfg = Release|Any CPU
		{0F9BD48D-95D3-4735-A504-B0407863F205}.Release|Any CPU.Build.0 = Release|Any CPU
		{0F9BD48D-95D3-4735-A504-B0407863F205}.Release|x64.ActiveCfg = Release|Any CPU
		{0F9BD48D-95D3-4735-A504-B0407863F205}.Release|x64.Build.0 = Release|Any CPU
		{0F9BD48D-95D3-4735-A504-B0407863F205}.Release|x86.ActiveCfg = Release|Any CPU
		{0F9BD48D-95D3-4735-A504-B0407863F205}.Release|x86.Build.0 = Release|Any CPU
		{41819A5B-E9DF-4045-A37D-D6F78A13AC9D}.Debug|Any CPU.ActiveCfg = Debug|Any CPU
		{41819A5B-E9DF-4045-A37D-D6F78A13AC9D}.Debug|Any CPU.Build.0 = Debug|Any CPU
		{41819A5B-E9DF-4045-A37D-D6F78A13AC9D}.Debug|x64.ActiveCfg = Debug|Any CPU
		{41819A5B-E9DF-4045-A37D-D6F78A13AC9D}.Debug|x64.Build.0 = Debug|Any CPU
		{41819A5B-E9DF-4045-A37D-D6F78A13AC9D}.Debug|x86.ActiveCfg = Debug|Any CPU
		{41819A5B-E9DF-4045-A37D-D6F78A13AC9D}.Debug|x86.Build.0 = Debug|Any CPU
		{41819A5B-E9DF-4045-A37D-D6F78A13AC9D}.Release|Any CPU.ActiveCfg = Release|Any CPU
		{41819A5B-E9DF-4045-A37D-D6F78A13AC9D}.Release|Any CPU.Build.0 = Release|Any CPU
		{41819A5B-E9DF-4045-A37D-D6F78A13AC9D}.Release|x64.ActiveCfg = Release|Any CPU
		{41819A5B-E9DF-4045-A37D-D6F78A13AC9D}.Release|x64.Build.0 = Release|Any CPU
		{41819A5B-E9DF-4045-A37D-D6F78A13AC9D}.Release|x86.ActiveCfg = Release|Any CPU
		{41819A5B-E9DF-4045-A37D-D6F78A13AC9D}.Release|x86.Build.0 = Release|Any CPU
		{6E49BCB5-B4EF-422F-8E72-03651FAC8B74}.Debug|Any CPU.ActiveCfg = Debug|Any CPU
		{6E49BCB5-B4EF-422F-8E72-03651FAC8B74}.Debug|Any CPU.Build.0 = Debug|Any CPU
		{6E49BCB5-B4EF-422F-8E72-03651FAC8B74}.Debug|x64.ActiveCfg = Debug|Any CPU
		{6E49BCB5-B4EF-422F-8E72-03651FAC8B74}.Debug|x64.Build.0 = Debug|Any CPU
		{6E49BCB5-B4EF-422F-8E72-03651FAC8B74}.Debug|x86.ActiveCfg = Debug|Any CPU
		{6E49BCB5-B4EF-422F-8E72-03651FAC8B74}.Debug|x86.Build.0 = Debug|Any CPU
		{6E49BCB5-B4EF-422F-8E72-03651FAC8B74}.Release|Any CPU.ActiveCfg = Release|Any CPU
		{6E49BCB5-B4EF-422F-8E72-03651FAC8B74}.Release|Any CPU.Build.0 = Release|Any CPU
		{6E49BCB5-B4EF-422F-8E72-03651FAC8B74}.Release|x64.ActiveCfg = Release|Any CPU
		{6E49BCB5-B4EF-422F-8E72-03651FAC8B74}.Release|x64.Build.0 = Release|Any CPU
		{6E49BCB5-B4EF-422F-8E72-03651FAC8B74}.Release|x86.ActiveCfg = Release|Any CPU
		{6E49BCB5-B4EF-422F-8E72-03651FAC8B74}.Release|x86.Build.0 = Release|Any CPU
	EndGlobalSection
	GlobalSection(SolutionProperties) = preSolution
		HideSolutionNode = FALSE
	EndGlobalSection
	GlobalSection(NestedProjects) = preSolution
		{E669F193-9DD0-4EBF-A77B-CE9A89B95890} = {0A123AE3-CF8B-44C1-B070-E69EAE2F197F}
		{19BA7C68-3A64-4F25-A86F-90F06FAB0502} = {0A123AE3-CF8B-44C1-B070-E69EAE2F197F}
		{FDCF5EB6-D496-4E14-8660-D9EBCFB0D6B8} = {0A123AE3-CF8B-44C1-B070-E69EAE2F197F}
		{218AB459-8D4E-4DBD-B481-28E7FA0E3F72} = {0A123AE3-CF8B-44C1-B070-E69EAE2F197F}
		{0F9BD48D-95D3-4735-A504-B0407863F205} = {0A123AE3-CF8B-44C1-B070-E69EAE2F197F}
		{41819A5B-E9DF-4045-A37D-D6F78A13AC9D} = {0A123AE3-CF8B-44C1-B070-E69EAE2F197F}
		{6E49BCB5-B4EF-422F-8E72-03651FAC8B74} = {0A123AE3-CF8B-44C1-B070-E69EAE2F197F}
	EndGlobalSection
	GlobalSection(ExtensibilityGlobals) = postSolution
		SolutionGuid = {F0B8823F-4DC9-4B15-AB16-DF79D61C0CDE}
	EndGlobalSection
EndGlobal
